
Microsoft Visual Studio Solution File, Format Version 12.00
# Visual Studio Version 16
VisualStudioVersion = 16.0.29905.134
MinimumVisualStudioVersion = 10.0.40219.1
Project("{FAE04EC0-301F-11D3-BF4B-00C04F79EFBC}") = "HttpClientThrottling", "HttpClientThrottling\HttpClientThrottling.csproj", "{8BC56557-D48F-4A5C-A1DC-2B58B496DE55}"
EndProject
Global
	GlobalSection(SolutionConfigurationPlatforms) = preSolution
		Debug|Any CPU = Debug|Any CPU
		Release|Any CPU = Release|Any CPU
	EndGlobalSection
	GlobalSection(ProjectConfigurationPlatforms) = postSolution
		{8BC56557-D48F-4A5C-A1DC-2B58B496DE55}.Debug|Any CPU.ActiveCfg = Debug|Any CPU
		{8BC56557-D48F-4A5C-A1DC-2B58B496DE55}.Debug|Any CPU.Build.0 = Debug|Any CPU
		{8BC56557-D48F-4A5C-A1DC-2B58B496DE55}.Release|Any CPU.ActiveCfg = Release|Any CPU
		{8BC56557-D48F-4A5C-A1DC-2B58B496DE55}.Release|Any CPU.Build.0 = Release|Any CPU
	EndGlobalSection
	GlobalSection(SolutionProperties) = preSolution
		HideSolutionNode = FALSE
	EndGlobalSection
	GlobalSection(ExtensibilityGlobals) = postSolution
		SolutionGuid = {FB2153B6-FB28-4536-8D0B-99169C7B6182}
	EndGlobalSection
EndGlobal
